
Microsoft Visual Studio Solution File, Format Version 12.00
# Visual Studio Version 16
VisualStudioVersion = 16.0.31605.320
MinimumVisualStudioVersion = 10.0.40219.1
Project("{E24C65DC-7377-472B-9ABA-BC803B73C61A}") = "CrawfordClaimsHandlerClientApp", "UI\Ng\CrawfordClaimsHandlerClientApp\", "{A06EAC12-2234-418E-85F4-BF9D0C07377F}"
	ProjectSection(WebsiteProperties) = preProject
		TargetFrameworkMoniker = ".NETFramework,Version%3Dv4.0"
		Debug.AspNetCompiler.VirtualPath = "/localhost_55073"
		Debug.AspNetCompiler.PhysicalPath = "UI\Ng\CrawfordClaimsHandlerClientApp\"
		Debug.AspNetCompiler.TargetPath = "PrecompiledWeb\localhost_55073\"
		Debug.AspNetCompiler.Updateable = "true"
		Debug.AspNetCompiler.ForceOverwrite = "true"
		Debug.AspNetCompiler.FixedNames = "false"
		Debug.AspNetCompiler.Debug = "True"
		Release.AspNetCompiler.VirtualPath = "/localhost_55073"
		Release.AspNetCompiler.PhysicalPath = "UI\Ng\CrawfordClaimsHandlerClientApp\"
		Release.AspNetCompiler.TargetPath = "PrecompiledWeb\localhost_55073\"
		Release.AspNetCompiler.Updateable = "true"
		Release.AspNetCompiler.ForceOverwrite = "true"
		Release.AspNetCompiler.FixedNames = "false"
		Release.AspNetCompiler.Debug = "False"
		VWDPort = "55073"
		SlnRelativePath = "UI\Ng\CrawfordClaimsHandlerClientApp\"
	EndProjectSection
EndProject
Project("{FAE04EC0-301F-11D3-BF4B-00C04F79EFBC}") = "CrawfordClaimsHandler.Api.CoreWebApi", "Server\CrawfordClaimsHandler.Api.CoreWebApi\CrawfordClaimsHandler.Api.CoreWebApi.csproj", "{929AF168-4458-4E05-8585-C5D6DDFB2B49}"
EndProject
Project("{2150E333-8FDC-42A3-9474-1A3956D46DE8}") = "Solution Items", "Solution Items", "{EE6B9E09-94DA-4C30-AAC2-D65C3B987733}"
	ProjectSection(SolutionItems) = preProject
		ReadMe.md = ReadMe.md
	EndProjectSection
EndProject
Project("{FAE04EC0-301F-11D3-BF4B-00C04F79EFBC}") = "CrawfordClaimsHandler.Api.CoreWebApi.Test", "Unit Test\CrawfordClaimsHandler.Api.CoreWebApi.Test\CrawfordClaimsHandler.Api.CoreWebApi.Test.csproj", "{DEBEB78C-B191-448B-AFC6-89A1BA02854C}"
EndProject
Global
	GlobalSection(SolutionConfigurationPlatforms) = preSolution
		Debug|Any CPU = Debug|Any CPU
		Release|Any CPU = Release|Any CPU
	EndGlobalSection
	GlobalSection(ProjectConfigurationPlatforms) = postSolution
		{A06EAC12-2234-418E-85F4-BF9D0C07377F}.Debug|Any CPU.ActiveCfg = Debug|Any CPU
		{A06EAC12-2234-418E-85F4-BF9D0C07377F}.Debug|Any CPU.Build.0 = Debug|Any CPU
		{A06EAC12-2234-418E-85F4-BF9D0C07377F}.Release|Any CPU.ActiveCfg = Debug|Any CPU
		{A06EAC12-2234-418E-85F4-BF9D0C07377F}.Release|Any CPU.Build.0 = Debug|Any CPU
		{929AF168-4458-4E05-8585-C5D6DDFB2B49}.Debug|Any CPU.ActiveCfg = Debug|Any CPU
		{929AF168-4458-4E05-8585-C5D6DDFB2B49}.Debug|Any CPU.Build.0 = Debug|Any CPU
		{929AF168-4458-4E05-8585-C5D6DDFB2B49}.Release|Any CPU.ActiveCfg = Release|Any CPU
		{929AF168-4458-4E05-8585-C5D6DDFB2B49}.Release|Any CPU.Build.0 = Release|Any CPU
		{DEBEB78C-B191-448B-AFC6-89A1BA02854C}.Debug|Any CPU.ActiveCfg = Debug|Any CPU
		{DEBEB78C-B191-448B-AFC6-89A1BA02854C}.Debug|Any CPU.Build.0 = Debug|Any CPU
		{DEBEB78C-B191-448B-AFC6-89A1BA02854C}.Release|Any CPU.ActiveCfg = Release|Any CPU
		{DEBEB78C-B191-448B-AFC6-89A1BA02854C}.Release|Any CPU.Build.0 = Release|Any CPU
	EndGlobalSection
	GlobalSection(SolutionProperties) = preSolution
		HideSolutionNode = FALSE
	EndGlobalSection
	GlobalSection(ExtensibilityGlobals) = postSolution
		SolutionGuid = {CF600D42-550E-4C71-A504-3F1073806FD4}
	EndGlobalSection
EndGlobal
